
Microsoft Visual Studio Solution File, Format Version 12.00
Project("{FAE04EC0-301F-11D3-BF4B-00C04F79EFBC}") = "Flyr.Supermarket.Console", "Flyr.Supermarket.Console\Flyr.Supermarket.Console.csproj", "{9011EF07-0DC1-4D46-884F-4A63E10F22BB}"
EndProject
Project("{FAE04EC0-301F-11D3-BF4B-00C04F79EFBC}") = "Flyr.Supermarket.Domain", "Flyr.Supermarket.Domain\Flyr.Supermarket.Domain.csproj", "{A3AE7854-6FF5-4E4A-8404-ABEF111E3219}"
EndProject
Project("{2150E333-8FDC-42A3-9474-1A3956D46DE8}") = "tests", "tests", "{20D15DB8-050E-4087-B294-569B7A52CB04}"
EndProject
Project("{2150E333-8FDC-42A3-9474-1A3956D46DE8}") = "src", "src", "{BE1641A7-BE9F-4A1C-92B8-9C3B95D7CB74}"
EndProject
Project("{FAE04EC0-301F-11D3-BF4B-00C04F79EFBC}") = "Flyr.Supermarket.Business.Tests", "Flyr.Supermarket.Business.Tests\Flyr.Supermarket.Business.Tests.csproj", "{ED55345E-19C4-4308-8781-A903690DA7E3}"
EndProject
Global
	GlobalSection(SolutionConfigurationPlatforms) = preSolution
		Debug|Any CPU = Debug|Any CPU
		Release|Any CPU = Release|Any CPU
	EndGlobalSection
	GlobalSection(ProjectConfigurationPlatforms) = postSolution
		{9011EF07-0DC1-4D46-884F-4A63E10F22BB}.Debug|Any CPU.ActiveCfg = Debug|Any CPU
		{9011EF07-0DC1-4D46-884F-4A63E10F22BB}.Debug|Any CPU.Build.0 = Debug|Any CPU
		{9011EF07-0DC1-4D46-884F-4A63E10F22BB}.Release|Any CPU.ActiveCfg = Release|Any CPU
		{9011EF07-0DC1-4D46-884F-4A63E10F22BB}.Release|Any CPU.Build.0 = Release|Any CPU
		{A3AE7854-6FF5-4E4A-8404-ABEF111E3219}.Debug|Any CPU.ActiveCfg = Debug|Any CPU
		{A3AE7854-6FF5-4E4A-8404-ABEF111E3219}.Debug|Any CPU.Build.0 = Debug|Any CPU
		{A3AE7854-6FF5-4E4A-8404-ABEF111E3219}.Release|Any CPU.ActiveCfg = Release|Any CPU
		{A3AE7854-6FF5-4E4A-8404-ABEF111E3219}.Release|Any CPU.Build.0 = Release|Any CPU
		{ED55345E-19C4-4308-8781-A903690DA7E3}.Debug|Any CPU.ActiveCfg = Debug|Any CPU
		{ED55345E-19C4-4308-8781-A903690DA7E3}.Debug|Any CPU.Build.0 = Debug|Any CPU
		{ED55345E-19C4-4308-8781-A903690DA7E3}.Release|Any CPU.ActiveCfg = Release|Any CPU
		{ED55345E-19C4-4308-8781-A903690DA7E3}.Release|Any CPU.Build.0 = Release|Any CPU
	EndGlobalSection
	GlobalSection(NestedProjects) = preSolution
		{9011EF07-0DC1-4D46-884F-4A63E10F22BB} = {BE1641A7-BE9F-4A1C-92B8-9C3B95D7CB74}
		{A3AE7854-6FF5-4E4A-8404-ABEF111E3219} = {BE1641A7-BE9F-4A1C-92B8-9C3B95D7CB74}
		{ED55345E-19C4-4308-8781-A903690DA7E3} = {20D15DB8-050E-4087-B294-569B7A52CB04}
	EndGlobalSection
EndGlobal
